
Microsoft Visual Studio Solution File, Format Version 12.00
# Visual Studio 15
VisualStudioVersion = 15.0.28307.271
MinimumVisualStudioVersion = 10.0.40219.1
Project("{FAE04EC0-301F-11D3-BF4B-00C04F79EFBC}") = "VidaBox", "VidaBox.csproj", "{52C1DC6A-05F5-41DE-8014-608F4071A2DB}"
EndProject
Global
	GlobalSection(SolutionConfigurationPlatforms) = preSolution
		Debug|Any CPU = Debug|Any CPU
		Release|Any CPU = Release|Any CPU
	EndGlobalSection
	GlobalSection(ProjectConfigurationPlatforms) = postSolution
		{52C1DC6A-05F5-41DE-8014-608F4071A2DB}.Debug|Any CPU.ActiveCfg = Debug|Any CPU
		{52C1DC6A-05F5-41DE-8014-608F4071A2DB}.Debug|Any CPU.Build.0 = Debug|Any CPU
		{52C1DC6A-05F5-41DE-8014-608F4071A2DB}.Release|Any CPU.ActiveCfg = Release|Any CPU
		{52C1DC6A-05F5-41DE-8014-608F4071A2DB}.Release|Any CPU.Build.0 = Release|Any CPU
	EndGlobalSection
	GlobalSection(SolutionProperties) = preSolution
		HideSolutionNode = FALSE
	EndGlobalSection
	GlobalSection(ExtensibilityGlobals) = postSolution
		SolutionGuid = {C4620B7D-F3ED-4D80-ACFD-3D63FD101DE8}
	EndGlobalSection
EndGlobal
